
Microsoft Visual Studio Solution File, Format Version 12.00
# Visual Studio Version 16
VisualStudioVersion = 16.0.30611.23
MinimumVisualStudioVersion = 10.0.40219.1
Project("{FAE04EC0-301F-11D3-BF4B-00C04F79EFBC}") = "Moga_Larisa_Lab4", "Moga_Larisa_Lab4.csproj", "{61BA349A-A739-41EF-81C2-80FE95B69D30}"
EndProject
Project("{FAE04EC0-301F-11D3-BF4B-00C04F79EFBC}") = "AutoLotModel", "..\AutoLotModel\AutoLotModel.csproj", "{646C01FD-006E-460A-A5D6-09C6701F99CD}"
EndProject
Global
	GlobalSection(SolutionConfigurationPlatforms) = preSolution
		Debug|Any CPU = Debug|Any CPU
		Release|Any CPU = Release|Any CPU
	EndGlobalSection
	GlobalSection(ProjectConfigurationPlatforms) = postSolution
		{61BA349A-A739-41EF-81C2-80FE95B69D30}.Debug|Any CPU.ActiveCfg = Debug|Any CPU
		{61BA349A-A739-41EF-81C2-80FE95B69D30}.Debug|Any CPU.Build.0 = Debug|Any CPU
		{61BA349A-A739-41EF-81C2-80FE95B69D30}.Release|Any CPU.ActiveCfg = Release|Any CPU
		{61BA349A-A739-41EF-81C2-80FE95B69D30}.Release|Any CPU.Build.0 = Release|Any CPU
		{646C01FD-006E-460A-A5D6-09C6701F99CD}.Debug|Any CPU.ActiveCfg = Debug|Any CPU
		{646C01FD-006E-460A-A5D6-09C6701F99CD}.Debug|Any CPU.Build.0 = Debug|Any CPU
		{646C01FD-006E-460A-A5D6-09C6701F99CD}.Release|Any CPU.ActiveCfg = Release|Any CPU
		{646C01FD-006E-460A-A5D6-09C6701F99CD}.Release|Any CPU.Build.0 = Release|Any CPU
	EndGlobalSection
	GlobalSection(SolutionProperties) = preSolution
		HideSolutionNode = FALSE
	EndGlobalSection
	GlobalSection(ExtensibilityGlobals) = postSolution
		SolutionGuid = {526C1BFD-EE77-428B-8D76-DCA0E9E048EC}
	EndGlobalSection
EndGlobal
